
Microsoft Visual Studio Solution File, Format Version 12.00
# Visual Studio Version 17
VisualStudioVersion = 17.7.34031.279
MinimumVisualStudioVersion = 10.0.40219.1
Project("{FAE04EC0-301F-11D3-BF4B-00C04F79EFBC}") = "AuthenticationWithJwtBearer", "AuthenticationWithJwtBearer\AuthenticationWithJwtBearer.csproj", "{0012F461-E1FE-4655-BD00-7B62A769EA9F}"
EndProject
Global
	GlobalSection(SolutionConfigurationPlatforms) = preSolution
		Debug|Any CPU = Debug|Any CPU
		Release|Any CPU = Release|Any CPU
	EndGlobalSection
	GlobalSection(ProjectConfigurationPlatforms) = postSolution
		{0012F461-E1FE-4655-BD00-7B62A769EA9F}.Debug|Any CPU.ActiveCfg = Debug|Any CPU
		{0012F461-E1FE-4655-BD00-7B62A769EA9F}.Debug|Any CPU.Build.0 = Debug|Any CPU
		{0012F461-E1FE-4655-BD00-7B62A769EA9F}.Release|Any CPU.ActiveCfg = Release|Any CPU
		{0012F461-E1FE-4655-BD00-7B62A769EA9F}.Release|Any CPU.Build.0 = Release|Any CPU
	EndGlobalSection
	GlobalSection(SolutionProperties) = preSolution
		HideSolutionNode = FALSE
	EndGlobalSection
	GlobalSection(ExtensibilityGlobals) = postSolution
		SolutionGuid = {0E9F9B72-2D81-47A3-B279-2E34BD21F52E}
	EndGlobalSection
EndGlobal
